
Microsoft Visual Studio Solution File, Format Version 12.00
# Visual Studio 14
VisualStudioVersion = 14.0.25123.0
MinimumVisualStudioVersion = 10.0.40219.1
Project("{FAE04EC0-301F-11D3-BF4B-00C04F79EFBC}") = "SSO Translate Tools", "SSO Translate Tools\SSO Translate Tools.csproj", "{F301F41E-169D-4262-898B-C4B6307E7679}"
EndProject
Global
	GlobalSection(SolutionConfigurationPlatforms) = preSolution
		Debug|Any CPU = Debug|Any CPU
		Release|Any CPU = Release|Any CPU
	EndGlobalSection
	GlobalSection(ProjectConfigurationPlatforms) = postSolution
		{F301F41E-169D-4262-898B-C4B6307E7679}.Debug|Any CPU.ActiveCfg = Debug|Any CPU
		{F301F41E-169D-4262-898B-C4B6307E7679}.Debug|Any CPU.Build.0 = Debug|Any CPU
		{F301F41E-169D-4262-898B-C4B6307E7679}.Release|Any CPU.ActiveCfg = Release|Any CPU
		{F301F41E-169D-4262-898B-C4B6307E7679}.Release|Any CPU.Build.0 = Release|Any CPU
	EndGlobalSection
	GlobalSection(SolutionProperties) = preSolution
		HideSolutionNode = FALSE
	EndGlobalSection
EndGlobal
